<?xml version="1.0" encoding="utf-8"?>
<Project ToolsVersion="4.0" xmlns="http://schemas.microsoft.com/developer/msbuild/2003">
  <ItemGroup>
    <Filter Include="Source Files">
      <UniqueIdentifier>{4FC737F1-C7A5-4376-A066-2A32D752A2FF}</UniqueIdentifier>
      <Extensions>cpp;c;cc;cxx;def;odl;idl;hpj;bat;asm;asmx</Extensions>
    </Filter>
    <Filter Include="Header Files">
      <UniqueIdentifier>{93995380-89BD-4b04-88EB-625FBE52EBFB}</UniqueIdentifier>
      <Extensions>h;hh;hpp;hxx;hm;inl;inc;xsd</Extensions>
    </Filter>
    <Filter Include="_Models">
      <UniqueIdentifier>{ff568dfe-4b38-4457-8d10-4fa76ce49a16}</UniqueIdentifier>
    </Filter>
    <Filter Include="_Models\Header Files">
      <UniqueIdentifier>{ce92185a-d908-43a6-b72f-0989e9d4760a}</UniqueIdentifier>
    </Filter>
    <Filter Include="_Models\Source Files">
      <UniqueIdentifier>{1be540ca-1921-4d7a-8482-9bd39709d868}</UniqueIdentifier>
    </Filter>
  </ItemGroup>
  <ItemGroup>
    <ClInclude Include="ModelManager.h">
      <Filter>Header Files</Filter>
    </ClInclude>
    <ClInclude Include="ModelNode.h">
      <Filter>Header Files</Filter>
    </ClInclude>
    <ClInclude Include="ModelTypes.h">
      <Filter>Header Files</Filter>
    </ClInclude>
    <ClInclude Include="Model.h">
      <Filter>Header Files</Filter>
    </ClInclude>
    <ClInclude Include="Cube.h">
      <Filter>_Models\Header Files</Filter>
    </ClInclude>
    <ClInclude Include="GenericModel.h">
      <Filter>_Models\Header Files</Filter>
    </ClInclude>
  </ItemGroup>
  <ItemGroup>
    <ClCompile Include="ModelManager.cpp">
      <Filter>Source Files</Filter>
    </ClCompile>
    <ClCompile Include="ModelNode.cpp">
      <Filter>Source Files</Filter>
    </ClCompile>
    <ClCompile Include="Model.cpp">
      <Filter>Source Files</Filter>
    </ClCompile>
    <ClCompile Include="Cube.cpp">
      <Filter>_Models\Source Files</Filter>
    </ClCompile>
    <ClCompile Include="GenericModel.cpp">
      <Filter>_Models\Source Files</Filter>
    </ClCompile>
  </ItemGroup>
</Project>