
Microsoft Visual Studio Solution File, Format Version 12.00
# Visual Studio 2013
VisualStudioVersion = 12.0.40629.0
MinimumVisualStudioVersion = 10.0.40219.1
Project("{8BC9CEB8-8B4A-11D0-8D11-00A0C91BC942}") = "WorldShaper", "WorldShaper\WorldShaper.vcxproj", "{47CB4FDA-1BE9-4808-88EA-9125EC390F95}"
	ProjectSection(ProjectDependencies) = postProject
		{F2EC4E09-2C91-4BC2-8B26-3FD5EE293F96} = {F2EC4E09-2C91-4BC2-8B26-3FD5EE293F96}
		{A4E6019A-6DAA-49F7-90FE-A1020C754FAC} = {A4E6019A-6DAA-49F7-90FE-A1020C754FAC}
		{186D93B7-0630-4F6A-A488-F7481E7BBA9E} = {186D93B7-0630-4F6A-A488-F7481E7BBA9E}
		{745413F7-663B-4144-A28A-F09DD7CD0B56} = {745413F7-663B-4144-A28A-F09DD7CD0B56}
	EndProjectSection
EndProject
Project("{8BC9CEB8-8B4A-11D0-8D11-00A0C91BC942}") = "UnitTests", "UnitTests\UnitTests.vcxproj", "{504AA9A6-D812-48AE-B420-D6AAA96ABEE5}"
EndProject
Project("{8BC9CEB8-8B4A-11D0-8D11-00A0C91BC942}") = "Application", "Application\Application.vcxproj", "{E538CAA0-F150-4540-8525-5D3502DB5C45}"
	ProjectSection(ProjectDependencies) = postProject
		{47CB4FDA-1BE9-4808-88EA-9125EC390F95} = {47CB4FDA-1BE9-4808-88EA-9125EC390F95}
	EndProjectSection
EndProject
Project("{8BC9CEB8-8B4A-11D0-8D11-00A0C91BC942}") = "ModelManager", "ModelManager\ModelManager.vcxproj", "{0A28EF60-5FC1-4182-A1D5-36D5C37C3799}"
EndProject
Project("{8BC9CEB8-8B4A-11D0-8D11-00A0C91BC942}") = "TextureManager", "TextureManager\TextureManager.vcxproj", "{92EE5985-AF10-4A38-AF4F-5B8DDFBF286D}"
EndProject
Project("{8BC9CEB8-8B4A-11D0-8D11-00A0C91BC942}") = "GameObjectManager", "GameObjectManager\GameObjectManager.vcxproj", "{F2EC4E09-2C91-4BC2-8B26-3FD5EE293F96}"
	ProjectSection(ProjectDependencies) = postProject
		{0A28EF60-5FC1-4182-A1D5-36D5C37C3799} = {0A28EF60-5FC1-4182-A1D5-36D5C37C3799}
		{92EE5985-AF10-4A38-AF4F-5B8DDFBF286D} = {92EE5985-AF10-4A38-AF4F-5B8DDFBF286D}
		{D75C2593-5FF5-492A-98E2-E53AB3A4B022} = {D75C2593-5FF5-492A-98E2-E53AB3A4B022}
		{745413F7-663B-4144-A28A-F09DD7CD0B56} = {745413F7-663B-4144-A28A-F09DD7CD0B56}
	EndProjectSection
EndProject
Project("{8BC9CEB8-8B4A-11D0-8D11-00A0C91BC942}") = "ShaderManager", "ShaderManager\ShaderManager.vcxproj", "{D75C2593-5FF5-492A-98E2-E53AB3A4B022}"
EndProject
Project("{8BC9CEB8-8B4A-11D0-8D11-00A0C91BC942}") = "GLFWManager", "GLFWManager\GLFWManager.vcxproj", "{32845016-27A7-4AC3-B0B6-D758FB0C3C16}"
EndProject
Project("{8BC9CEB8-8B4A-11D0-8D11-00A0C91BC942}") = "CameraManager", "CameraManager\CameraManager.vcxproj", "{186D93B7-0630-4F6A-A488-F7481E7BBA9E}"
EndProject
Project("{8BC9CEB8-8B4A-11D0-8D11-00A0C91BC942}") = "AnimationManager", "AnimationManager\AnimationManager.vcxproj", "{A4E6019A-6DAA-49F7-90FE-A1020C754FAC}"
EndProject
Project("{8BC9CEB8-8B4A-11D0-8D11-00A0C91BC942}") = "ArchiveManager", "ArchiveManager\ArchiveManager.vcxproj", "{745413F7-663B-4144-A28A-F09DD7CD0B56}"
	ProjectSection(ProjectDependencies) = postProject
		{0A28EF60-5FC1-4182-A1D5-36D5C37C3799} = {0A28EF60-5FC1-4182-A1D5-36D5C37C3799}
	EndProjectSection
EndProject
Global
	GlobalSection(SolutionConfigurationPlatforms) = preSolution
		Debug|Win32 = Debug|Win32
		Release|Win32 = Release|Win32
	EndGlobalSection
	GlobalSection(ProjectConfigurationPlatforms) = postSolution
		{47CB4FDA-1BE9-4808-88EA-9125EC390F95}.Debug|Win32.ActiveCfg = Debug|Win32
		{47CB4FDA-1BE9-4808-88EA-9125EC390F95}.Debug|Win32.Build.0 = Debug|Win32
		{47CB4FDA-1BE9-4808-88EA-9125EC390F95}.Release|Win32.ActiveCfg = Release|Win32
		{47CB4FDA-1BE9-4808-88EA-9125EC390F95}.Release|Win32.Build.0 = Release|Win32
		{504AA9A6-D812-48AE-B420-D6AAA96ABEE5}.Debug|Win32.ActiveCfg = Debug|Win32
		{504AA9A6-D812-48AE-B420-D6AAA96ABEE5}.Debug|Win32.Build.0 = Debug|Win32
		{504AA9A6-D812-48AE-B420-D6AAA96ABEE5}.Release|Win32.ActiveCfg = Release|Win32
		{504AA9A6-D812-48AE-B420-D6AAA96ABEE5}.Release|Win32.Build.0 = Release|Win32
		{E538CAA0-F150-4540-8525-5D3502DB5C45}.Debug|Win32.ActiveCfg = Debug|Win32
		{E538CAA0-F150-4540-8525-5D3502DB5C45}.Debug|Win32.Build.0 = Debug|Win32
		{E538CAA0-F150-4540-8525-5D3502DB5C45}.Release|Win32.ActiveCfg = Release|Win32
		{E538CAA0-F150-4540-8525-5D3502DB5C45}.Release|Win32.Build.0 = Release|Win32
		{0A28EF60-5FC1-4182-A1D5-36D5C37C3799}.Debug|Win32.ActiveCfg = Debug|Win32
		{0A28EF60-5FC1-4182-A1D5-36D5C37C3799}.Debug|Win32.Build.0 = Debug|Win32
		{0A28EF60-5FC1-4182-A1D5-36D5C37C3799}.Release|Win32.ActiveCfg = Release|Win32
		{0A28EF60-5FC1-4182-A1D5-36D5C37C3799}.Release|Win32.Build.0 = Release|Win32
		{92EE5985-AF10-4A38-AF4F-5B8DDFBF286D}.Debug|Win32.ActiveCfg = Debug|Win32
		{92EE5985-AF10-4A38-AF4F-5B8DDFBF286D}.Debug|Win32.Build.0 = Debug|Win32
		{92EE5985-AF10-4A38-AF4F-5B8DDFBF286D}.Release|Win32.ActiveCfg = Release|Win32
		{92EE5985-AF10-4A38-AF4F-5B8DDFBF286D}.Release|Win32.Build.0 = Release|Win32
		{F2EC4E09-2C91-4BC2-8B26-3FD5EE293F96}.Debug|Win32.ActiveCfg = Debug|Win32
		{F2EC4E09-2C91-4BC2-8B26-3FD5EE293F96}.Debug|Win32.Build.0 = Debug|Win32
		{F2EC4E09-2C91-4BC2-8B26-3FD5EE293F96}.Release|Win32.ActiveCfg = Release|Win32
		{F2EC4E09-2C91-4BC2-8B26-3FD5EE293F96}.Release|Win32.Build.0 = Release|Win32
		{D75C2593-5FF5-492A-98E2-E53AB3A4B022}.Debug|Win32.ActiveCfg = Debug|Win32
		{D75C2593-5FF5-492A-98E2-E53AB3A4B022}.Debug|Win32.Build.0 = Debug|Win32
		{D75C2593-5FF5-492A-98E2-E53AB3A4B022}.Release|Win32.ActiveCfg = Release|Win32
		{D75C2593-5FF5-492A-98E2-E53AB3A4B022}.Release|Win32.Build.0 = Release|Win32
		{32845016-27A7-4AC3-B0B6-D758FB0C3C16}.Debug|Win32.ActiveCfg = Debug|Win32
		{32845016-27A7-4AC3-B0B6-D758FB0C3C16}.Debug|Win32.Build.0 = Debug|Win32
		{32845016-27A7-4AC3-B0B6-D758FB0C3C16}.Release|Win32.ActiveCfg = Release|Win32
		{32845016-27A7-4AC3-B0B6-D758FB0C3C16}.Release|Win32.Build.0 = Release|Win32
		{186D93B7-0630-4F6A-A488-F7481E7BBA9E}.Debug|Win32.ActiveCfg = Debug|Win32
		{186D93B7-0630-4F6A-A488-F7481E7BBA9E}.Debug|Win32.Build.0 = Debug|Win32
		{186D93B7-0630-4F6A-A488-F7481E7BBA9E}.Release|Win32.ActiveCfg = Release|Win32
		{186D93B7-0630-4F6A-A488-F7481E7BBA9E}.Release|Win32.Build.0 = Release|Win32
		{A4E6019A-6DAA-49F7-90FE-A1020C754FAC}.Debug|Win32.ActiveCfg = Debug|Win32
		{A4E6019A-6DAA-49F7-90FE-A1020C754FAC}.Debug|Win32.Build.0 = Debug|Win32
		{A4E6019A-6DAA-49F7-90FE-A1020C754FAC}.Release|Win32.ActiveCfg = Release|Win32
		{A4E6019A-6DAA-49F7-90FE-A1020C754FAC}.Release|Win32.Build.0 = Release|Win32
		{745413F7-663B-4144-A28A-F09DD7CD0B56}.Debug|Win32.ActiveCfg = Debug|Win32
		{745413F7-663B-4144-A28A-F09DD7CD0B56}.Debug|Win32.Build.0 = Debug|Win32
		{745413F7-663B-4144-A28A-F09DD7CD0B56}.Release|Win32.ActiveCfg = Release|Win32
		{745413F7-663B-4144-A28A-F09DD7CD0B56}.Release|Win32.Build.0 = Release|Win32
	EndGlobalSection
	GlobalSection(SolutionProperties) = preSolution
		HideSolutionNode = FALSE
	EndGlobalSection
EndGlobal
