<?xml version="1.0" encoding="utf-8"?>
<Project ToolsVersion="4.0" xmlns="http://schemas.microsoft.com/developer/msbuild/2003">
  <ItemGroup>
    <Filter Include="Source Files">
      <UniqueIdentifier>{4FC737F1-C7A5-4376-A066-2A32D752A2FF}</UniqueIdentifier>
      <Extensions>cpp;c;cc;cxx;def;odl;idl;hpj;bat;asm;asmx</Extensions>
    </Filter>
    <Filter Include="Header Files">
      <UniqueIdentifier>{93995380-89BD-4b04-88EB-625FBE52EBFB}</UniqueIdentifier>
      <Extensions>h;hh;hpp;hxx;hm;inl;inc;xsd</Extensions>
    </Filter>
    <Filter Include="Resource Files">
      <UniqueIdentifier>{67DA6AB6-F800-4c08-8B7A-83BB121AAD01}</UniqueIdentifier>
      <Extensions>rc;ico;cur;bmp;dlg;rc2;rct;bin;rgs;gif;jpg;jpeg;jpe;resx;tiff;tif;png;wav;mfcribbon-ms</Extensions>
    </Filter>
    <Filter Include="_skeleton">
      <UniqueIdentifier>{382cf3cc-025f-4302-9a6a-fbb1ee29edeb}</UniqueIdentifier>
    </Filter>
    <Filter Include="_skeleton\Header Files">
      <UniqueIdentifier>{db61d267-b807-4b1c-872f-50af37e8d990}</UniqueIdentifier>
    </Filter>
    <Filter Include="_skeleton\Source Files">
      <UniqueIdentifier>{3ffa5f39-8296-4e2d-a041-8f2899176326}</UniqueIdentifier>
    </Filter>
    <Filter Include="_animation">
      <UniqueIdentifier>{d4c2c69f-86e0-404e-93c9-ff5ab911c9af}</UniqueIdentifier>
    </Filter>
    <Filter Include="_animation\Header Files">
      <UniqueIdentifier>{ee4a9fc1-f746-4e2e-aac7-09a97ca6e42a}</UniqueIdentifier>
    </Filter>
    <Filter Include="_animation\Source Files">
      <UniqueIdentifier>{3c28b7d3-39a9-49d6-bf16-155c0acf2145}</UniqueIdentifier>
    </Filter>
    <Filter Include="_animation\_controller">
      <UniqueIdentifier>{990e7afe-5ac4-4338-b8a2-867ab8cf6450}</UniqueIdentifier>
    </Filter>
    <Filter Include="_animation\_controller\Header Files">
      <UniqueIdentifier>{cabbc7f1-0936-4968-9ebc-7f9dbc48710b}</UniqueIdentifier>
    </Filter>
    <Filter Include="_animation\_controller\Source Files">
      <UniqueIdentifier>{a85d0359-da01-4cfc-8233-42ae74d1b465}</UniqueIdentifier>
    </Filter>
  </ItemGroup>
  <ItemGroup>
    <ClInclude Include="AnimationManager.h">
      <Filter>Header Files</Filter>
    </ClInclude>
    <ClInclude Include="AnimationNode.h">
      <Filter>Header Files</Filter>
    </ClInclude>
    <ClInclude Include="Skeleton.h">
      <Filter>_skeleton\Header Files</Filter>
    </ClInclude>
    <ClInclude Include="Bone.h">
      <Filter>_skeleton\Header Files</Filter>
    </ClInclude>
    <ClInclude Include="Animation.h">
      <Filter>_animation\Header Files</Filter>
    </ClInclude>
    <ClInclude Include="Keyframe.h">
      <Filter>_animation\Header Files</Filter>
    </ClInclude>
    <ClInclude Include="Transform.h">
      <Filter>_animation\Header Files</Filter>
    </ClInclude>
    <ClInclude Include="AnimationController.h">
      <Filter>_animation\_controller\Header Files</Filter>
    </ClInclude>
    <ClInclude Include="SkeletonManager.h">
      <Filter>_skeleton\Header Files</Filter>
    </ClInclude>
    <ClInclude Include="AnimationControllerManager.h">
      <Filter>_animation\_controller\Header Files</Filter>
    </ClInclude>
    <ClInclude Include="SkeletonNode.h">
      <Filter>_skeleton\Header Files</Filter>
    </ClInclude>
    <ClInclude Include="AnimationControllerNode.h">
      <Filter>_animation\_controller\Header Files</Filter>
    </ClInclude>
    <ClInclude Include="PlaybackControls.h">
      <Filter>_animation\_controller\Header Files</Filter>
    </ClInclude>
  </ItemGroup>
  <ItemGroup>
    <ClCompile Include="AnimationManager.cpp">
      <Filter>Source Files</Filter>
    </ClCompile>
    <ClCompile Include="AnimationNode.cpp">
      <Filter>Source Files</Filter>
    </ClCompile>
    <ClCompile Include="Skeleton.cpp">
      <Filter>_skeleton\Source Files</Filter>
    </ClCompile>
    <ClCompile Include="Bone.cpp">
      <Filter>_skeleton\Source Files</Filter>
    </ClCompile>
    <ClCompile Include="Animation.cpp">
      <Filter>_animation\Source Files</Filter>
    </ClCompile>
    <ClCompile Include="Keyframe.cpp">
      <Filter>_animation\Source Files</Filter>
    </ClCompile>
    <ClCompile Include="Transform.cpp">
      <Filter>_animation\Source Files</Filter>
    </ClCompile>
    <ClCompile Include="AnimationController.cpp">
      <Filter>_animation\_controller\Source Files</Filter>
    </ClCompile>
    <ClCompile Include="AnimationControllerManager.cpp">
      <Filter>_animation\_controller\Source Files</Filter>
    </ClCompile>
    <ClCompile Include="SkeletonManager.cpp">
      <Filter>_skeleton\Source Files</Filter>
    </ClCompile>
    <ClCompile Include="SkeletonNode.cpp">
      <Filter>_skeleton\Source Files</Filter>
    </ClCompile>
    <ClCompile Include="AnimationControllerNode.cpp">
      <Filter>_animation\_controller\Source Files</Filter>
    </ClCompile>
  </ItemGroup>
</Project>